{
  "requires": true,
  "lockfileVersion": 1,
  "dependencies": {
    "@agm/core": {
      "version": "1.1.0",
      "resolved": "https://registry.npmjs.org/@agm/core/-/core-1.1.0.tgz",
      "integrity": "sha512-cMvmm3+3/uuVFurLv1FKhE0/6ssIlDvYBjQFCi8ELg7h0OY2MkIU1MXWr7z+f/xZ08E936I4eeddni6k4yUTIA==",
      "requires": {
        "tslib": "^1.9.0"
      }
    },
    "@angular/common": {
      "version": "8.2.14",
      "resolved": "https://registry.npmjs.org/@angular/common/-/common-8.2.14.tgz",
      "integrity": "sha512-Qmt+aX2quUW54kaNT7QH7WGXnFxr/cC2C6sf5SW5SdkZfDQSiz8IaItvieZfXVQUbBOQKFRJ7TlSkt0jI/yjvw==",
      "requires": {
        "tslib": "^1.9.0"
      }
    },
    "@angular/core": {
      "version": "8.2.14",
      "resolved": "https://registry.npmjs.org/@angular/core/-/core-8.2.14.tgz",
      "integrity": "sha512-zeePkigi+hPh3rN7yoNENG/YUBUsIvUXdxx+AZq+QPaFeKEA2FBSrKn36ojHFrdJUjKzl0lPMEiGC2b6a6bo6g==",
      "requires": {
        "tslib": "^1.9.0"
      }
    },
    "angular": {
      "version": "1.7.9",
      "resolved": "https://registry.npmjs.org/angular/-/angular-1.7.9.tgz",
      "integrity": "sha512-5se7ZpcOtu0MBFlzGv5dsM1quQDoDeUTwZrWjGtTNA7O88cD8TEk5IEKCTDa3uECV9XnvKREVUr7du1ACiWGFQ=="
    },
    "angular-keypad": {
      "version": "2.0.4",
      "resolved": "https://registry.npmjs.org/angular-keypad/-/angular-keypad-2.0.4.tgz",
      "integrity": "sha1-9ZSA2813ciUNwy4a0RBhbWmdGKA=",
      "requires": {
        "angular": "^1.4.0"
      }
    },
    "angular-on-screen-keyboard": {
      "version": "0.9.8",
      "resolved": "https://registry.npmjs.org/angular-on-screen-keyboard/-/angular-on-screen-keyboard-0.9.8.tgz",
      "integrity": "sha512-qVr9wBL2Zm1sjsBj5gZcSBnxl55KGFKTe24USV1TiKaYSueNtr7viY+JHe3OrWrU1uR+zub8+TEwcBHxa6IdEw==",
      "requires": {
        "angular": "^1.5.0",
        "angular-sanitize": "^1.5.0"
      }
    },
    "angular-sanitize": {
      "version": "1.7.9",
      "resolved": "https://registry.npmjs.org/angular-sanitize/-/angular-sanitize-1.7.9.tgz",
      "integrity": "sha512-nB/xe7JQWF9nLvhHommAICQ3eWrfRETo0EVGFESi952CDzDa+GAJ/2BFBNw44QqQPxj1Xua/uYKrbLsOGWZdbQ=="
    },
    "numeric-keyboard": {
      "version": "0.7.0",
      "resolved": "https://registry.npmjs.org/numeric-keyboard/-/numeric-keyboard-0.7.0.tgz",
      "integrity": "sha512-V4xdt0yu8JT6pbMlnBE3MU9yWui3HitaeSD+32/F8iz5sPdeuyzYgvBFFmrwAh7a4VFVO/OOSuyVMLEuR6nu6Q=="
    },
    "rxjs": {
      "version": "6.5.3",
      "resolved": "https://registry.npmjs.org/rxjs/-/rxjs-6.5.3.tgz",
      "integrity": "sha512-wuYsAYYFdWTAnAaPoKGNhfpWwKZbJW+HgAJ+mImp+Epl7BG8oNWBCTyRM8gba9k4lk8BgWdoYm21Mo/RYhhbgA==",
      "requires": {
        "tslib": "^1.9.0"
      }
    },
    "tslib": {
      "version": "1.10.0",
      "resolved": "https://registry.npmjs.org/tslib/-/tslib-1.10.0.tgz",
      "integrity": "sha512-qOebF53frne81cf0S9B41ByenJ3/IuH8yJKngAX35CmiZySA0khhkovshKK+jGCaMnVomla7gVlIcc3EvKPbTQ=="
    }
  }
}
